
Microsoft Visual Studio Solution File, Format Version 12.00
# Visual Studio 15
VisualStudioVersion = 15.0.27130.2020
MinimumVisualStudioVersion = 10.0.40219.1
Project("{FAE04EC0-301F-11D3-BF4B-00C04F79EFBC}") = "Simple UI", "Simple UI\Simple UI.csproj", "{D9CC17DA-CD7C-4130-A23C-8CE95C516AB0}"
EndProject
Global
	GlobalSection(SolutionConfigurationPlatforms) = preSolution
		Debug|Any CPU = Debug|Any CPU
		Release|Any CPU = Release|Any CPU
	EndGlobalSection
	GlobalSection(ProjectConfigurationPlatforms) = postSolution
		{D9CC17DA-CD7C-4130-A23C-8CE95C516AB0}.Debug|Any CPU.ActiveCfg = Debug|Any CPU
		{D9CC17DA-CD7C-4130-A23C-8CE95C516AB0}.Debug|Any CPU.Build.0 = Debug|Any CPU
		{D9CC17DA-CD7C-4130-A23C-8CE95C516AB0}.Release|Any CPU.ActiveCfg = Release|Any CPU
		{D9CC17DA-CD7C-4130-A23C-8CE95C516AB0}.Release|Any CPU.Build.0 = Release|Any CPU
	EndGlobalSection
	GlobalSection(SolutionProperties) = preSolution
		HideSolutionNode = FALSE
	EndGlobalSection
	GlobalSection(ExtensibilityGlobals) = postSolution
		SolutionGuid = {65FC782B-C7FB-4C63-888E-2737F70172DA}
	EndGlobalSection
EndGlobal
